
Microsoft Visual Studio Solution File, Format Version 12.00
# Visual Studio 15
VisualStudioVersion = 15.0.27004.2005
MinimumVisualStudioVersion = 10.0.40219.1
Project("{9A19103F-16F7-4668-BE54-9A1E7A4F7556}") = "Secure1", "Secure1\Secure1.csproj", "{874C093E-E4E8-435F-8B5B-58D66CEEEB39}"
EndProject
Project("{9A19103F-16F7-4668-BE54-9A1E7A4F7556}") = "UTSecure1", "UTSecure1\UTSecure1.csproj", "{2D136300-0FB9-4CB3-9BB6-DE2C96E09610}"
EndProject
Global
	GlobalSection(SolutionConfigurationPlatforms) = preSolution
		Debug|Any CPU = Debug|Any CPU
		Release|Any CPU = Release|Any CPU
	EndGlobalSection
	GlobalSection(ProjectConfigurationPlatforms) = postSolution
		{874C093E-E4E8-435F-8B5B-58D66CEEEB39}.Debug|Any CPU.ActiveCfg = Debug|Any CPU
		{874C093E-E4E8-435F-8B5B-58D66CEEEB39}.Debug|Any CPU.Build.0 = Debug|Any CPU
		{874C093E-E4E8-435F-8B5B-58D66CEEEB39}.Release|Any CPU.ActiveCfg = Release|Any CPU
		{874C093E-E4E8-435F-8B5B-58D66CEEEB39}.Release|Any CPU.Build.0 = Release|Any CPU
		{2D136300-0FB9-4CB3-9BB6-DE2C96E09610}.Debug|Any CPU.ActiveCfg = Debug|Any CPU
		{2D136300-0FB9-4CB3-9BB6-DE2C96E09610}.Debug|Any CPU.Build.0 = Debug|Any CPU
		{2D136300-0FB9-4CB3-9BB6-DE2C96E09610}.Release|Any CPU.ActiveCfg = Release|Any CPU
		{2D136300-0FB9-4CB3-9BB6-DE2C96E09610}.Release|Any CPU.Build.0 = Release|Any CPU
	EndGlobalSection
	GlobalSection(SolutionProperties) = preSolution
		HideSolutionNode = FALSE
	EndGlobalSection
	GlobalSection(ExtensibilityGlobals) = postSolution
		SolutionGuid = {969DB59A-D7A6-4D73-B37F-1801E6353354}
	EndGlobalSection
EndGlobal
